// !$*UTF8*$!
{
	archiveVersion = 1;
	classes = {
	};
	objectVersion = 50;
	objects = {

/* Begin PBXBuildFile section */
		3E6BA9D424662FA700251B3A /* AppDelegate.swift in Sources */ = {isa = PBXBuildFile; fileRef = 3E6BA9D324662FA700251B3A /* AppDelegate.swift */; };
		3E6BA9D624662FA700251B3A /* SceneDelegate.swift in Sources */ = {isa = PBXBuildFile; fileRef = 3E6BA9D524662FA700251B3A /* SceneDelegate.swift */; };
		3E6BA9D924662FA700251B3A /* theadventurersclub.xcdatamodeld in Sources */ = {isa = PBXBuildFile; fileRef = 3E6BA9D724662FA700251B3A /* theadventurersclub.xcdatamodeld */; };
		3E6BA9DB24662FA700251B3A /* ContentView.swift in Sources */ = {isa = PBXBuildFile; fileRef = 3E6BA9DA24662FA700251B3A /* ContentView.swift */; };
		3E6BA9DD24662FAC00251B3A /* Assets.xcassets in Resources */ = {isa = PBXBuildFile; fileRef = 3E6BA9DC24662FAC00251B3A /* Assets.xcassets */; };
		3E6BA9E024662FAC00251B3A /* Preview Assets.xcassets in Resources */ = {isa = PBXBuildFile; fileRef = 3E6BA9DF24662FAC00251B3A /* Preview Assets.xcassets */; };
		3E6BA9E324662FAC00251B3A /* LaunchScreen.storyboard in Resources */ = {isa = PBXBuildFile; fileRef = 3E6BA9E124662FAC00251B3A /* LaunchScreen.storyboard */; };
		3E6BA9EE24662FAC00251B3A /* theadventurersclubTests.swift in Sources */ = {isa = PBXBuildFile; fileRef = 3E6BA9ED24662FAC00251B3A /* theadventurersclubTests.swift */; };
		3E6BA9F924662FAC00251B3A /* theadventurersclubUITests.swift in Sources */ = {isa = PBXBuildFile; fileRef = 3E6BA9F824662FAC00251B3A /* theadventurersclubUITests.swift */; };
/* End PBXBuildFile section */

/* Begin PBXContainerItemProxy section */
		3E6BA9EA24662FAC00251B3A /* PBXContainerItemProxy */ = {
			isa = PBXContainerItemProxy;
			containerPortal = 3E6BA9C824662FA700251B3A /* Project object */;
			proxyType = 1;
			remoteGlobalIDString = 3E6BA9CF24662FA700251B3A;
			remoteInfo = theadventurersclub;
		};
		3E6BA9F524662FAC00251B3A /* PBXContainerItemProxy */ = {
			isa = PBXContainerItemProxy;
			containerPortal = 3E6BA9C824662FA700251B3A /* Project object */;
			proxyType = 1;
			remoteGlobalIDString = 3E6BA9CF24662FA700251B3A;
			remoteInfo = theadventurersclub;
		};
/* End PBXContainerItemProxy section */

/* Begin PBXFileReference section */
		3E6BA9D024662FA700251B3A /* theadventurersclub.app */ = {isa = PBXFileReference; explicitFileType = wrapper.application; includeInIndex = 0; path = theadventurersclub.app; sourceTree = BUILT_PRODUCTS_DIR; };
		3E6BA9D324662FA700251B3A /* AppDelegate.swift */ = {isa = PBXFileReference; lastKnownFileType = sourcecode.swift; path = AppDelegate.swift; sourceTree = "<group>"; };
		3E6BA9D524662FA700251B3A /* SceneDelegate.swift */ = {isa = PBXFileReference; lastKnownFileType = sourcecode.swift; path = SceneDelegate.swift; sourceTree = "<group>"; };
		3E6BA9D824662FA700251B3A /* theadventurersclub.xcdatamodel */ = {isa = PBXFileReference; lastKnownFileType = wrapper.xcdatamodel; path = theadventurersclub.xcdatamodel; sourceTree = "<group>"; };
		3E6BA9DA24662FA700251B3A /* ContentView.swift */ = {isa = PBXFileReference; lastKnownFileType = sourcecode.swift; path = ContentView.swift; sourceTree = "<group>"; };
		3E6BA9DC24662FAC00251B3A /* Assets.xcassets */ = {isa = PBXFileReference; lastKnownFileType = folder.assetcatalog; path = Assets.xcassets; sourceTree = "<group>"; };
		3E6BA9DF24662FAC00251B3A /* Preview Assets.xcassets */ = {isa = PBXFileReference; lastKnownFileType = folder.assetcatalog; path = "Preview Assets.xcassets"; sourceTree = "<group>"; };
		3E6BA9E224662FAC00251B3A /* Base */ = {isa = PBXFileReference; lastKnownFileType = file.storyboard; name = Base; path = Base.lproj/LaunchScreen.storyboard; sourceTree = "<group>"; };
		3E6BA9E424662FAC00251B3A /* Info.plist */ = {isa = PBXFileReference; lastKnownFileType = text.plist.xml; path = Info.plist; sourceTree = "<group>"; };
		3E6BA9E924662FAC00251B3A /* theadventurersclubTests.xctest */ = {isa = PBXFileReference; explicitFileType = wrapper.cfbundle; includeInIndex = 0; path = theadventurersclubTests.xctest; sourceTree = BUILT_PRODUCTS_DIR; };
		3E6BA9ED24662FAC00251B3A /* theadventurersclubTests.swift */ = {isa = PBXFileReference; lastKnownFileType = sourcecode.swift; path = theadventurersclubTests.swift; sourceTree = "<group>"; };
		3E6BA9EF24662FAC00251B3A /* Info.plist */ = {isa = PBXFileReference; lastKnownFileType = text.plist.xml; path = Info.plist; sourceTree = "<group>"; };
		3E6BA9F424662FAC00251B3A /* theadventurersclubUITests.xctest */ = {isa = PBXFileReference; explicitFileType = wrapper.cfbundle; includeInIndex = 0; path = theadventurersclubUITests.xctest; sourceTree = BUILT_PRODUCTS_DIR; };
		3E6BA9F824662FAC00251B3A /* theadventurersclubUITests.swift */ = {isa = PBXFileReference; lastKnownFileType = sourcecode.swift; path = theadventurersclubUITests.swift; sourceTree = "<group>"; };
		3E6BA9FA24662FAC00251B3A /* Info.plist */ = {isa = PBXFileReference; lastKnownFileType = text.plist.xml; path = Info.plist; sourceTree = "<group>"; };
/* End PBXFileReference section */

/* Begin PBXFrameworksBuildPhase section */
		3E6BA9CD24662FA700251B3A /* Frameworks */ = {
			isa = PBXFrameworksBuildPhase;
			buildActionMask = 2147483647;
			files = (
			);
			runOnlyForDeploymentPostprocessing = 0;
		};
		3E6BA9E624662FAC00251B3A /* Frameworks */ = {
			isa = PBXFrameworksBuildPhase;
			buildActionMask = 2147483647;
			files = (
			);
			runOnlyForDeploymentPostprocessing = 0;
		};
		3E6BA9F124662FAC00251B3A /* Frameworks */ = {
			isa = PBXFrameworksBuildPhase;
			buildActionMask = 2147483647;
			files = (
			);
			runOnlyForDeploymentPostprocessing = 0;
		};
/* End PBXFrameworksBuildPhase section */

/* Begin PBXGroup section */
		3E6BA9C724662FA700251B3A = {
			isa = PBXGroup;
			children = (
				3E6BA9D224662FA700251B3A /* theadventurersclub */,
				3E6BA9EC24662FAC00251B3A /* theadventurersclubTests */,
				3E6BA9F724662FAC00251B3A /* theadventurersclubUITests */,
				3E6BA9D124662FA700251B3A /* Products */,
			);
			sourceTree = "<group>";
		};
		3E6BA9D124662FA700251B3A /* Products */ = {
			isa = PBXGroup;
			children = (
				3E6BA9D024662FA700251B3A /* theadventurersclub.app */,
				3E6BA9E924662FAC00251B3A /* theadventurersclubTests.xctest */,
				3E6BA9F424662FAC00251B3A /* theadventurersclubUITests.xctest */,
			);
			name = Products;
			sourceTree = "<group>";
		};
		3E6BA9D224662FA700251B3A /* theadventurersclub */ = {
			isa = PBXGroup;
			children = (
				3E6BA9D324662FA700251B3A /* AppDelegate.swift */,
				3E6BA9D524662FA700251B3A /* SceneDelegate.swift */,
				3E6BA9DA24662FA700251B3A /* ContentView.swift */,
				3E6BA9DC24662FAC00251B3A /* Assets.xcassets */,
				3E6BA9E124662FAC00251B3A /* LaunchScreen.storyboard */,
				3E6BA9E424662FAC00251B3A /* Info.plist */,
				3E6BA9D724662FA700251B3A /* theadventurersclub.xcdatamodeld */,
				3E6BA9DE24662FAC00251B3A /* Preview Content */,
			);
			path = theadventurersclub;
			sourceTree = "<group>";
		};
		3E6BA9DE24662FAC00251B3A /* Preview Content */ = {
			isa = PBXGroup;
			children = (
				3E6BA9DF24662FAC00251B3A /* Preview Assets.xcassets */,
			);
			path = "Preview Content";
			sourceTree = "<group>";
		};
		3E6BA9EC24662FAC00251B3A /* theadventurersclubTests */ = {
			isa = PBXGroup;
			children = (
				3E6BA9ED24662FAC00251B3A /* theadventurersclubTests.swift */,
				3E6BA9EF24662FAC00251B3A /* Info.plist */,
			);
			path = theadventurersclubTests;
			sourceTree = "<group>";
		};
		3E6BA9F724662FAC00251B3A /* theadventurersclubUITests */ = {
			isa = PBXGroup;
			children = (
				3E6BA9F824662FAC00251B3A /* theadventurersclubUITests.swift */,
				3E6BA9FA24662FAC00251B3A /* Info.plist */,
			);
			path = theadventurersclubUITests;
			sourceTree = "<group>";
		};
/* End PBXGroup section */

/* Begin PBXNativeTarget section */
		3E6BA9CF24662FA700251B3A /* theadventurersclub */ = {
			isa = PBXNativeTarget;
			buildConfigurationList = 3E6BA9FD24662FAC00251B3A /* Build configuration list for PBXNativeTarget "theadventurersclub" */;
			buildPhases = (
				3E6BA9CC24662FA700251B3A /* Sources */,
				3E6BA9CD24662FA700251B3A /* Frameworks */,
				3E6BA9CE24662FA700251B3A /* Resources */,
			);
			buildRules = (
			);
			dependencies = (
			);
			name = theadventurersclub;
			productName = theadventurersclub;
			productReference = 3E6BA9D024662FA700251B3A /* theadventurersclub.app */;
			productType = "com.apple.product-type.application";
		};
		3E6BA9E824662FAC00251B3A /* theadventurersclubTests */ = {
			isa = PBXNativeTarget;
			buildConfigurationList = 3E6BAA0024662FAC00251B3A /* Build configuration list for PBXNativeTarget "theadventurersclubTests" */;
			buildPhases = (
				3E6BA9E524662FAC00251B3A /* Sources */,
				3E6BA9E624662FAC00251B3A /* Frameworks */,
				3E6BA9E724662FAC00251B3A /* Resources */,
			);
			buildRules = (
			);
			dependencies = (
				3E6BA9EB24662FAC00251B3A /* PBXTargetDependency */,
			);
			name = theadventurersclubTests;
			productName = theadventurersclubTests;
			productReference = 3E6BA9E924662FAC00251B3A /* theadventurersclubTests.xctest */;
			productType = "com.apple.product-type.bundle.unit-test";
		};
		3E6BA9F324662FAC00251B3A /* theadventurersclubUITests */ = {
			isa = PBXNativeTarget;
			buildConfigurationList = 3E6BAA0324662FAC00251B3A /* Build configuration list for PBXNativeTarget "theadventurersclubUITests" */;
			buildPhases = (
				3E6BA9F024662FAC00251B3A /* Sources */,
				3E6BA9F124662FAC00251B3A /* Frameworks */,
				3E6BA9F224662FAC00251B3A /* Resources */,
			);
			buildRules = (
			);
			dependencies = (
				3E6BA9F624662FAC00251B3A /* PBXTargetDependency */,
			);
			name = theadventurersclubUITests;
			productName = theadventurersclubUITests;
			productReference = 3E6BA9F424662FAC00251B3A /* theadventurersclubUITests.xctest */;
			productType = "com.apple.product-type.bundle.ui-testing";
		};
/* End PBXNativeTarget section */

/* Begin PBXProject section */
		3E6BA9C824662FA700251B3A /* Project object */ = {
			isa = PBXProject;
			attributes = {
				LastSwiftUpdateCheck = 1140;
				LastUpgradeCheck = 1140;
				ORGANIZATIONNAME = "Anthony Enriquez";
				TargetAttributes = {
					3E6BA9CF24662FA700251B3A = {
						CreatedOnToolsVersion = 11.4.1;
					};
					3E6BA9E824662FAC00251B3A = {
						CreatedOnToolsVersion = 11.4.1;
						TestTargetID = 3E6BA9CF24662FA700251B3A;
					};
					3E6BA9F324662FAC00251B3A = {
						CreatedOnToolsVersion = 11.4.1;
						TestTargetID = 3E6BA9CF24662FA700251B3A;
					};
				};
			};
			buildConfigurationList = 3E6BA9CB24662FA700251B3A /* Build configuration list for PBXProject "theadventurersclub" */;
			compatibilityVersion = "Xcode 9.3";
			developmentRegion = en;
			hasScannedForEncodings = 0;
			knownRegions = (
				en,
				Base,
			);
			mainGroup = 3E6BA9C724662FA700251B3A;
			productRefGroup = 3E6BA9D124662FA700251B3A /* Products */;
			projectDirPath = "";
			projectRoot = "";
			targets = (
				3E6BA9CF24662FA700251B3A /* theadventurersclub */,
				3E6BA9E824662FAC00251B3A /* theadventurersclubTests */,
				3E6BA9F324662FAC00251B3A /* theadventurersclubUITests */,
			);
		};
/* End PBXProject section */

/* Begin PBXResourcesBuildPhase section */
		3E6BA9CE24662FA700251B3A /* Resources */ = {
			isa = PBXResourcesBuildPhase;
			buildActionMask = 2147483647;
			files = (
				3E6BA9E324662FAC00251B3A /* LaunchScreen.storyboard in Resources */,
				3E6BA9E024662FAC00251B3A /* Preview Assets.xcassets in Resources */,
				3E6BA9DD24662FAC00251B3A /* Assets.xcassets in Resources */,
			);
			runOnlyForDeploymentPostprocessing = 0;
		};
		3E6BA9E724662FAC00251B3A /* Resources */ = {
			isa = PBXResourcesBuildPhase;
			buildActionMask = 2147483647;
			files = (
			);
			runOnlyForDeploymentPostprocessing = 0;
		};
		3E6BA9F224662FAC00251B3A /* Resources */ = {
			isa = PBXResourcesBuildPhase;
			buildActionMask = 2147483647;
			files = (
			);
			runOnlyForDeploymentPostprocessing = 0;
		};
/* End PBXResourcesBuildPhase section */

/* Begin PBXSourcesBuildPhase section */
		3E6BA9CC24662FA700251B3A /* Sources */ = {
			isa = PBXSourcesBuildPhase;
			buildActionMask = 2147483647;
			files = (
				3E6BA9D424662FA700251B3A /* AppDelegate.swift in Sources */,
				3E6BA9D924662FA700251B3A /* theadventurersclub.xcdatamodeld in Sources */,
				3E6BA9DB24662FA700251B3A /* ContentView.swift in Sources */,
				3E6BA9D624662FA700251B3A /* SceneDelegate.swift in Sources */,
			);
			runOnlyForDeploymentPostprocessing = 0;
		};
		3E6BA9E524662FAC00251B3A /* Sources */ = {
			isa = PBXSourcesBuildPhase;
			buildActionMask = 2147483647;
			files = (
				3E6BA9EE24662FAC00251B3A /* theadventurersclubTests.swift in Sources */,
			);
			runOnlyForDeploymentPostprocessing = 0;
		};
		3E6BA9F024662FAC00251B3A /* Sources */ = {
			isa = PBXSourcesBuildPhase;
			buildActionMask = 2147483647;
			files = (
				3E6BA9F924662FAC00251B3A /* theadventurersclubUITests.swift in Sources */,
			);
			runOnlyForDeploymentPostprocessing = 0;
		};
/* End PBXSourcesBuildPhase section */

/* Begin PBXTargetDependency section */
		3E6BA9EB24662FAC00251B3A /* PBXTargetDependency */ = {
			isa = PBXTargetDependency;
			target = 3E6BA9CF24662FA700251B3A /* theadventurersclub */;
			targetProxy = 3E6BA9EA24662FAC00251B3A /* PBXContainerItemProxy */;
		};
		3E6BA9F624662FAC00251B3A /* PBXTargetDependency */ = {
			isa = PBXTargetDependency;
			target = 3E6BA9CF24662FA700251B3A /* theadventurersclub */;
			targetProxy = 3E6BA9F524662FAC00251B3A /* PBXContainerItemProxy */;
		};
/* End PBXTargetDependency section */

/* Begin PBXVariantGroup section */
		3E6BA9E124662FAC00251B3A /* LaunchScreen.storyboard */ = {
			isa = PBXVariantGroup;
			children = (
				3E6BA9E224662FAC00251B3A /* Base */,
			);
			name = LaunchScreen.storyboard;
			sourceTree = "<group>";
		};
/* End PBXVariantGroup section */

/* Begin XCBuildConfiguration section */
		3E6BA9FB24662FAC00251B3A /* Debug */ = {
			isa = XCBuildConfiguration;
			buildSettings = {
				ALWAYS_SEARCH_USER_PATHS = NO;
				CLANG_ANALYZER_NONNULL = YES;
				CLANG_ANALYZER_NUMBER_OBJECT_CONVERSION = YES_AGGRESSIVE;
				CLANG_CXX_LANGUAGE_STANDARD = "gnu++14";
				CLANG_CXX_LIBRARY = "libc++";
				CLANG_ENABLE_MODULES = YES;
				CLANG_ENABLE_OBJC_ARC = YES;
				CLANG_ENABLE_OBJC_WEAK = YES;
				CLANG_WARN_BLOCK_CAPTURE_AUTORELEASING = YES;
				CLANG_WARN_BOOL_CONVERSION = YES;
				CLANG_WARN_COMMA = YES;
				CLANG_WARN_CONSTANT_CONVERSION = YES;
				CLANG_WARN_DEPRECATED_OBJC_IMPLEMENTATIONS = YES;
				CLANG_WARN_DIRECT_OBJC_ISA_USAGE = YES_ERROR;
				CLANG_WARN_DOCUMENTATION_COMMENTS = YES;
				CLANG_WARN_EMPTY_BODY = YES;
				CLANG_WARN_ENUM_CONVERSION = YES;
				CLANG_WARN_INFINITE_RECURSION = YES;
				CLANG_WARN_INT_CONVERSION = YES;
				CLANG_WARN_NON_LITERAL_NULL_CONVERSION = YES;
				CLANG_WARN_OBJC_IMPLICIT_RETAIN_SELF = YES;
				CLANG_WARN_OBJC_LITERAL_CONVERSION = YES;
				CLANG_WARN_OBJC_ROOT_CLASS = YES_ERROR;
				CLANG_WARN_RANGE_LOOP_ANALYSIS = YES;
				CLANG_WARN_STRICT_PROTOTYPES = YES;
				CLANG_WARN_SUSPICIOUS_MOVE = YES;
				CLANG_WARN_UNGUARDED_AVAILABILITY = YES_AGGRESSIVE;
				CLANG_WARN_UNREACHABLE_CODE = YES;
				CLANG_WARN__DUPLICATE_METHOD_MATCH = YES;
				COPY_PHASE_STRIP = NO;
				DEBUG_INFORMATION_FORMAT = dwarf;
				ENABLE_STRICT_OBJC_MSGSEND = YES;
				ENABLE_TESTABILITY = YES;
				GCC_C_LANGUAGE_STANDARD = gnu11;
				GCC_DYNAMIC_NO_PIC = NO;
				GCC_NO_COMMON_BLOCKS = YES;
				GCC_OPTIMIZATION_LEVEL = 0;
				GCC_PREPROCESSOR_DEFINITIONS = (
					"DEBUG=1",
					"$(inherited)",
				);
				GCC_WARN_64_TO_32_BIT_CONVERSION = YES;
				GCC_WARN_ABOUT_RETURN_TYPE = YES_ERROR;
				GCC_WARN_UNDECLARED_SELECTOR = YES;
				GCC_WARN_UNINITIALIZED_AUTOS = YES_AGGRESSIVE;
				GCC_WARN_UNUSED_FUNCTION = YES;
				GCC_WARN_UNUSED_VARIABLE = YES;
				IPHONEOS_DEPLOYMENT_TARGET = 13.4;
				MTL_ENABLE_DEBUG_INFO = INCLUDE_SOURCE;
				MTL_FAST_MATH = YES;
				ONLY_ACTIVE_ARCH = YES;
				SDKROOT = iphoneos;
				SWIFT_ACTIVE_COMPILATION_CONDITIONS = DEBUG;
				SWIFT_OPTIMIZATION_LEVEL = "-Onone";
			};
			name = Debug;
		};
		3E6BA9FC24662FAC00251B3A /* Release */ = {
			isa = XCBuildConfiguration;
			buildSettings = {
				ALWAYS_SEARCH_USER_PATHS = NO;
				CLANG_ANALYZER_NONNULL = YES;
				CLANG_ANALYZER_NUMBER_OBJECT_CONVERSION = YES_AGGRESSIVE;
				CLANG_CXX_LANGUAGE_STANDARD = "gnu++14";
				CLANG_CXX_LIBRARY = "libc++";
				CLANG_ENABLE_MODULES = YES;
				CLANG_ENABLE_OBJC_ARC = YES;
				CLANG_ENABLE_OBJC_WEAK = YES;
				CLANG_WARN_BLOCK_CAPTURE_AUTORELEASING = YES;
				CLANG_WARN_BOOL_CONVERSION = YES;
				CLANG_WARN_COMMA = YES;
				CLANG_WARN_CONSTANT_CONVERSION = YES;
				CLANG_WARN_DEPRECATED_OBJC_IMPLEMENTATIONS = YES;
				CLANG_WARN_DIRECT_OBJC_ISA_USAGE = YES_ERROR;
				CLANG_WARN_DOCUMENTATION_COMMENTS = YES;
				CLANG_WARN_EMPTY_BODY = YES;
				CLANG_WARN_ENUM_CONVERSION = YES;
				CLANG_WARN_INFINITE_RECURSION = YES;
				CLANG_WARN_INT_CONVERSION = YES;
				CLANG_WARN_NON_LITERAL_NULL_CONVERSION = YES;
				CLANG_WARN_OBJC_IMPLICIT_RETAIN_SELF = YES;
				CLANG_WARN_OBJC_LITERAL_CONVERSION = YES;
				CLANG_WARN_OBJC_ROOT_CLASS = YES_ERROR;
				CLANG_WARN_RANGE_LOOP_ANALYSIS = YES;
				CLANG_WARN_STRICT_PROTOTYPES = YES;
				CLANG_WARN_SUSPICIOUS_MOVE = YES;
				CLANG_WARN_UNGUARDED_AVAILABILITY = YES_AGGRESSIVE;
				CLANG_WARN_UNREACHABLE_CODE = YES;
				CLANG_WARN__DUPLICATE_METHOD_MATCH = YES;
				COPY_PHASE_STRIP = NO;
				DEBUG_INFORMATION_FORMAT = "dwarf-with-dsym";
				ENABLE_NS_ASSERTIONS = NO;
				ENABLE_STRICT_OBJC_MSGSEND = YES;
				GCC_C_LANGUAGE_STANDARD = gnu11;
				GCC_NO_COMMON_BLOCKS = YES;
				GCC_WARN_64_TO_32_BIT_CONVERSION = YES;
				GCC_WARN_ABOUT_RETURN_TYPE = YES_ERROR;
				GCC_WARN_UNDECLARED_SELECTOR = YES;
				GCC_WARN_UNINITIALIZED_AUTOS = YES_AGGRESSIVE;
				GCC_WARN_UNUSED_FUNCTION = YES;
				GCC_WARN_UNUSED_VARIABLE = YES;
				IPHONEOS_DEPLOYMENT_TARGET = 13.4;
				MTL_ENABLE_DEBUG_INFO = NO;
				MTL_FAST_MATH = YES;
				SDKROOT = iphoneos;
				SWIFT_COMPILATION_MODE = wholemodule;
				SWIFT_OPTIMIZATION_LEVEL = "-O";
				VALIDATE_PRODUCT = YES;
			};
			name = Release;
		};
		3E6BA9FE24662FAC00251B3A /* Debug */ = {
			isa = XCBuildConfiguration;
			buildSettings = {
				ASSETCATALOG_COMPILER_APPICON_NAME = AppIcon;
				CODE_SIGN_STYLE = Automatic;
				DEVELOPMENT_ASSET_PATHS = "\"theadventurersclub/Preview Content\"";
				ENABLE_PREVIEWS = YES;
				INFOPLIST_FILE = theadventurersclub/Info.plist;
				LD_RUNPATH_SEARCH_PATHS = (
					"$(inherited)",
					"@executable_path/Frameworks",
				);
				PRODUCT_BUNDLE_IDENTIFIER = demo.theadventurersclub;
				PRODUCT_NAME = "$(TARGET_NAME)";
				SWIFT_VERSION = 5.0;
				TARGETED_DEVICE_FAMILY = "1,2";
			};
			name = Debug;
		};
		3E6BA9FF24662FAC00251B3A /* Release */ = {
			isa = XCBuildConfiguration;
			buildSettings = {
				ASSETCATALOG_COMPILER_APPICON_NAME = AppIcon;
				CODE_SIGN_STYLE = Automatic;
				DEVELOPMENT_ASSET_PATHS = "\"theadventurersclub/Preview Content\"";
				ENABLE_PREVIEWS = YES;
				INFOPLIST_FILE = theadventurersclub/Info.plist;
				LD_RUNPATH_SEARCH_PATHS = (
					"$(inherited)",
					"@executable_path/Frameworks",
				);
				PRODUCT_BUNDLE_IDENTIFIER = demo.theadventurersclub;
				PRODUCT_NAME = "$(TARGET_NAME)";
				SWIFT_VERSION = 5.0;
				TARGETED_DEVICE_FAMILY = "1,2";
			};
			name = Release;
		};
		3E6BAA0124662FAC00251B3A /* Debug */ = {
			isa = XCBuildConfiguration;
			buildSettings = {
				ALWAYS_EMBED_SWIFT_STANDARD_LIBRARIES = YES;
				BUNDLE_LOADER = "$(TEST_HOST)";
				CODE_SIGN_STYLE = Automatic;
				INFOPLIST_FILE = theadventurersclubTests/Info.plist;
				IPHONEOS_DEPLOYMENT_TARGET = 13.4;
				LD_RUNPATH_SEARCH_PATHS = (
					"$(inherited)",
					"@executable_path/Frameworks",
					"@loader_path/Frameworks",
				);
				PRODUCT_BUNDLE_IDENTIFIER = demo.theadventurersclubTests;
				PRODUCT_NAME = "$(TARGET_NAME)";
				SWIFT_VERSION = 5.0;
				TARGETED_DEVICE_FAMILY = "1,2";
				TEST_HOST = "$(BUILT_PRODUCTS_DIR)/theadventurersclub.app/theadventurersclub";
			};
			name = Debug;
		};
		3E6BAA0224662FAC00251B3A /* Release */ = {
			isa = XCBuildConfiguration;
			buildSettings = {
				ALWAYS_EMBED_SWIFT_STANDARD_LIBRARIES = YES;
				BUNDLE_LOADER = "$(TEST_HOST)";
				CODE_SIGN_STYLE = Automatic;
				INFOPLIST_FILE = theadventurersclubTests/Info.plist;
				IPHONEOS_DEPLOYMENT_TARGET = 13.4;
				LD_RUNPATH_SEARCH_PATHS = (
					"$(inherited)",
					"@executable_path/Frameworks",
					"@loader_path/Frameworks",
				);
				PRODUCT_BUNDLE_IDENTIFIER = demo.theadventurersclubTests;
				PRODUCT_NAME = "$(TARGET_NAME)";
				SWIFT_VERSION = 5.0;
				TARGETED_DEVICE_FAMILY = "1,2";
				TEST_HOST = "$(BUILT_PRODUCTS_DIR)/theadventurersclub.app/theadventurersclub";
			};
			name = Release;
		};
		3E6BAA0424662FAC00251B3A /* Debug */ = {
			isa = XCBuildConfiguration;
			buildSettings = {
				ALWAYS_EMBED_SWIFT_STANDARD_LIBRARIES = YES;
				CODE_SIGN_STYLE = Automatic;
				INFOPLIST_FILE = theadventurersclubUITests/Info.plist;
				LD_RUNPATH_SEARCH_PATHS = (
					"$(inherited)",
					"@executable_path/Frameworks",
					"@loader_path/Frameworks",
				);
				PRODUCT_BUNDLE_IDENTIFIER = demo.theadventurersclubUITests;
				PRODUCT_NAME = "$(TARGET_NAME)";
				SWIFT_VERSION = 5.0;
				TARGETED_DEVICE_FAMILY = "1,2";
				TEST_TARGET_NAME = theadventurersclub;
			};
			name = Debug;
		};
		3E6BAA0524662FAC00251B3A /* Release */ = {
			isa = XCBuildConfiguration;
			buildSettings = {
				ALWAYS_EMBED_SWIFT_STANDARD_LIBRARIES = YES;
				CODE_SIGN_STYLE = Automatic;
				INFOPLIST_FILE = theadventurersclubUITests/Info.plist;
				LD_RUNPATH_SEARCH_PATHS = (
					"$(inherited)",
					"@executable_path/Frameworks",
					"@loader_path/Frameworks",
				);
				PRODUCT_BUNDLE_IDENTIFIER = demo.theadventurersclubUITests;
				PRODUCT_NAME = "$(TARGET_NAME)";
				SWIFT_VERSION = 5.0;
				TARGETED_DEVICE_FAMILY = "1,2";
				TEST_TARGET_NAME = theadventurersclub;
			};
			name = Release;
		};
/* End XCBuildConfiguration section */

/* Begin XCConfigurationList section */
		3E6BA9CB24662FA700251B3A /* Build configuration list for PBXProject "theadventurersclub" */ = {
			isa = XCConfigurationList;
			buildConfigurations = (
				3E6BA9FB24662FAC00251B3A /* Debug */,
				3E6BA9FC24662FAC00251B3A /* Release */,
			);
			defaultConfigurationIsVisible = 0;
			defaultConfigurationName = Release;
		};
		3E6BA9FD24662FAC00251B3A /* Build configuration list for PBXNativeTarget "theadventurersclub" */ = {
			isa = XCConfigurationList;
			buildConfigurations = (
				3E6BA9FE24662FAC00251B3A /* Debug */,
				3E6BA9FF24662FAC00251B3A /* Release */,
			);
			defaultConfigurationIsVisible = 0;
			defaultConfigurationName = Release;
		};
		3E6BAA0024662FAC00251B3A /* Build configuration list for PBXNativeTarget "theadventurersclubTests" */ = {
			isa = XCConfigurationList;
			buildConfigurations = (
				3E6BAA0124662FAC00251B3A /* Debug */,
				3E6BAA0224662FAC00251B3A /* Release */,
			);
			defaultConfigurationIsVisible = 0;
			defaultConfigurationName = Release;
		};
		3E6BAA0324662FAC00251B3A /* Build configuration list for PBXNativeTarget "theadventurersclubUITests" */ = {
			isa = XCConfigurationList;
			buildConfigurations = (
				3E6BAA0424662FAC00251B3A /* Debug */,
				3E6BAA0524662FAC00251B3A /* Release */,
			);
			defaultConfigurationIsVisible = 0;
			defaultConfigurationName = Release;
		};
/* End XCConfigurationList section */

/* Begin XCVersionGroup section */
		3E6BA9D724662FA700251B3A /* theadventurersclub.xcdatamodeld */ = {
			isa = XCVersionGroup;
			children = (
				3E6BA9D824662FA700251B3A /* theadventurersclub.xcdatamodel */,
			);
			currentVersion = 3E6BA9D824662FA700251B3A /* theadventurersclub.xcdatamodel */;
			path = theadventurersclub.xcdatamodeld;
			sourceTree = "<group>";
			versionGroupType = wrapper.xcdatamodel;
		};
/* End XCVersionGroup section */
	};
	rootObject = 3E6BA9C824662FA700251B3A /* Project object */;
}
